
Microsoft Visual Studio Solution File, Format Version 12.00
# Visual Studio 15
VisualStudioVersion = 15.0.26730.15
MinimumVisualStudioVersion = 10.0.40219.1
Project("{2150E333-8FDC-42A3-9474-1A3956D46DE8}") = "src", "src", "{A4DEDDF0-F66C-44B7-94D0-9283768AE16C}"
EndProject
Project("{9A19103F-16F7-4668-BE54-9A1E7A4F7556}") = "EmailApi", "src\EmailApi\EmailApi.csproj", "{B2BBD84E-4031-43D1-BFC7-F3050A082C9A}"
EndProject
Global
	GlobalSection(SolutionConfigurationPlatforms) = preSolution
		Debug|Any CPU = Debug|Any CPU
		Release|Any CPU = Release|Any CPU
	EndGlobalSection
	GlobalSection(ProjectConfigurationPlatforms) = postSolution
		{B2BBD84E-4031-43D1-BFC7-F3050A082C9A}.Debug|Any CPU.ActiveCfg = Debug|Any CPU
		{B2BBD84E-4031-43D1-BFC7-F3050A082C9A}.Debug|Any CPU.Build.0 = Debug|Any CPU
		{B2BBD84E-4031-43D1-BFC7-F3050A082C9A}.Release|Any CPU.ActiveCfg = Release|Any CPU
		{B2BBD84E-4031-43D1-BFC7-F3050A082C9A}.Release|Any CPU.Build.0 = Release|Any CPU
	EndGlobalSection
	GlobalSection(SolutionProperties) = preSolution
		HideSolutionNode = FALSE
	EndGlobalSection
	GlobalSection(NestedProjects) = preSolution
		{B2BBD84E-4031-43D1-BFC7-F3050A082C9A} = {A4DEDDF0-F66C-44B7-94D0-9283768AE16C}
	EndGlobalSection
	GlobalSection(ExtensibilityGlobals) = postSolution
		SolutionGuid = {8E1DA23B-7153-441D-B7C1-7210D693F420}
	EndGlobalSection
EndGlobal
